// !$*UTF8*$!
{
	archiveVersion = 1;
	classes = {
	};
	objectVersion = 56;
	objects = {

/* Begin PBXBuildFile section */
		A0E839C22C4DB29E00B9A8D6 /* genwheelApp.swift in Sources */ = {isa = PBXBuildFile; fileRef = A0E839C12C4DB29E00B9A8D6 /* genwheelApp.swift */; };
		A0E839C42C4DB29E00B9A8D6 /* ContentView.swift in Sources */ = {isa = PBXBuildFile; fileRef = A0E839C32C4DB29E00B9A8D6 /* ContentView.swift */; };
		A0E839C62C4DB2A200B9A8D6 /* Assets.xcassets in Resources */ = {isa = PBXBuildFile; fileRef = A0E839C52C4DB2A200B9A8D6 /* Assets.xcassets */; };
		A0E839C92C4DB2A200B9A8D6 /* Preview Assets.xcassets in Resources */ = {isa = PBXBuildFile; fileRef = A0E839C82C4DB2A200B9A8D6 /* Preview Assets.xcassets */; };
		A0E839D32C4DB2A300B9A8D6 /* genwheelTests.swift in Sources */ = {isa = PBXBuildFile; fileRef = A0E839D22C4DB2A300B9A8D6 /* genwheelTests.swift */; };
		A0E839DD2C4DB2A300B9A8D6 /* genwheelUITests.swift in Sources */ = {isa = PBXBuildFile; fileRef = A0E839DC2C4DB2A300B9A8D6 /* genwheelUITests.swift */; };
		A0E839DF2C4DB2A300B9A8D6 /* genwheelUITestsLaunchTests.swift in Sources */ = {isa = PBXBuildFile; fileRef = A0E839DE2C4DB2A300B9A8D6 /* genwheelUITestsLaunchTests.swift */; };
/* End PBXBuildFile section */

/* Begin PBXContainerItemProxy section */
		A0E839CF2C4DB2A300B9A8D6 /* PBXContainerItemProxy */ = {
			isa = PBXContainerItemProxy;
			containerPortal = A0E839B62C4DB29E00B9A8D6 /* Project object */;
			proxyType = 1;
			remoteGlobalIDString = A0E839BD2C4DB29E00B9A8D6;
			remoteInfo = genwheel;
		};
		A0E839D92C4DB2A300B9A8D6 /* PBXContainerItemProxy */ = {
			isa = PBXContainerItemProxy;
			containerPortal = A0E839B62C4DB29E00B9A8D6 /* Project object */;
			proxyType = 1;
			remoteGlobalIDString = A0E839BD2C4DB29E00B9A8D6;
			remoteInfo = genwheel;
		};
/* End PBXContainerItemProxy section */

/* Begin PBXFileReference section */
		A0E839BE2C4DB29E00B9A8D6 /* genwheel.app */ = {isa = PBXFileReference; explicitFileType = wrapper.application; includeInIndex = 0; path = genwheel.app; sourceTree = BUILT_PRODUCTS_DIR; };
		A0E839C12C4DB29E00B9A8D6 /* genwheelApp.swift */ = {isa = PBXFileReference; lastKnownFileType = sourcecode.swift; path = genwheelApp.swift; sourceTree = "<group>"; };
		A0E839C32C4DB29E00B9A8D6 /* ContentView.swift */ = {isa = PBXFileReference; lastKnownFileType = sourcecode.swift; path = ContentView.swift; sourceTree = "<group>"; };
		A0E839C52C4DB2A200B9A8D6 /* Assets.xcassets */ = {isa = PBXFileReference; lastKnownFileType = folder.assetcatalog; path = Assets.xcassets; sourceTree = "<group>"; };
		A0E839C82C4DB2A200B9A8D6 /* Preview Assets.xcassets */ = {isa = PBXFileReference; lastKnownFileType = folder.assetcatalog; path = "Preview Assets.xcassets"; sourceTree = "<group>"; };
		A0E839CE2C4DB2A300B9A8D6 /* genwheelTests.xctest */ = {isa = PBXFileReference; explicitFileType = wrapper.cfbundle; includeInIndex = 0; path = genwheelTests.xctest; sourceTree = BUILT_PRODUCTS_DIR; };
		A0E839D22C4DB2A300B9A8D6 /* genwheelTests.swift */ = {isa = PBXFileReference; lastKnownFileType = sourcecode.swift; path = genwheelTests.swift; sourceTree = "<group>"; };
		A0E839D82C4DB2A300B9A8D6 /* genwheelUITests.xctest */ = {isa = PBXFileReference; explicitFileType = wrapper.cfbundle; includeInIndex = 0; path = genwheelUITests.xctest; sourceTree = BUILT_PRODUCTS_DIR; };
		A0E839DC2C4DB2A300B9A8D6 /* genwheelUITests.swift */ = {isa = PBXFileReference; lastKnownFileType = sourcecode.swift; path = genwheelUITests.swift; sourceTree = "<group>"; };
		A0E839DE2C4DB2A300B9A8D6 /* genwheelUITestsLaunchTests.swift */ = {isa = PBXFileReference; lastKnownFileType = sourcecode.swift; path = genwheelUITestsLaunchTests.swift; sourceTree = "<group>"; };
/* End PBXFileReference section */

/* Begin PBXFrameworksBuildPhase section */
		A0E839BB2C4DB29E00B9A8D6 /* Frameworks */ = {
			isa = PBXFrameworksBuildPhase;
			buildActionMask = 2147483647;
			files = (
			);
			runOnlyForDeploymentPostprocessing = 0;
		};
		A0E839CB2C4DB2A300B9A8D6 /* Frameworks */ = {
			isa = PBXFrameworksBuildPhase;
			buildActionMask = 2147483647;
			files = (
			);
			runOnlyForDeploymentPostprocessing = 0;
		};
		A0E839D52C4DB2A300B9A8D6 /* Frameworks */ = {
			isa = PBXFrameworksBuildPhase;
			buildActionMask = 2147483647;
			files = (
			);
			runOnlyForDeploymentPostprocessing = 0;
		};
/* End PBXFrameworksBuildPhase section */

/* Begin PBXGroup section */
		A0E839B52C4DB29E00B9A8D6 = {
			isa = PBXGroup;
			children = (
				A0E839C02C4DB29E00B9A8D6 /* genwheel */,
				A0E839D12C4DB2A300B9A8D6 /* genwheelTests */,
				A0E839DB2C4DB2A300B9A8D6 /* genwheelUITests */,
				A0E839BF2C4DB29E00B9A8D6 /* Products */,
			);
			sourceTree = "<group>";
		};
		A0E839BF2C4DB29E00B9A8D6 /* Products */ = {
			isa = PBXGroup;
			children = (
				A0E839BE2C4DB29E00B9A8D6 /* genwheel.app */,
				A0E839CE2C4DB2A300B9A8D6 /* genwheelTests.xctest */,
				A0E839D82C4DB2A300B9A8D6 /* genwheelUITests.xctest */,
			);
			name = Products;
			sourceTree = "<group>";
		};
		A0E839C02C4DB29E00B9A8D6 /* genwheel */ = {
			isa = PBXGroup;
			children = (
				A0E839C12C4DB29E00B9A8D6 /* genwheelApp.swift */,
				A0E839C32C4DB29E00B9A8D6 /* ContentView.swift */,
				A0E839C52C4DB2A200B9A8D6 /* Assets.xcassets */,
				A0E839C72C4DB2A200B9A8D6 /* Preview Content */,
			);
			path = genwheel;
			sourceTree = "<group>";
		};
		A0E839C72C4DB2A200B9A8D6 /* Preview Content */ = {
			isa = PBXGroup;
			children = (
				A0E839C82C4DB2A200B9A8D6 /* Preview Assets.xcassets */,
			);
			path = "Preview Content";
			sourceTree = "<group>";
		};
		A0E839D12C4DB2A300B9A8D6 /* genwheelTests */ = {
			isa = PBXGroup;
			children = (
				A0E839D22C4DB2A300B9A8D6 /* genwheelTests.swift */,
			);
			path = genwheelTests;
			sourceTree = "<group>";
		};
		A0E839DB2C4DB2A300B9A8D6 /* genwheelUITests */ = {
			isa = PBXGroup;
			children = (
				A0E839DC2C4DB2A300B9A8D6 /* genwheelUITests.swift */,
				A0E839DE2C4DB2A300B9A8D6 /* genwheelUITestsLaunchTests.swift */,
			);
			path = genwheelUITests;
			sourceTree = "<group>";
		};
/* End PBXGroup section */

/* Begin PBXNativeTarget section */
		A0E839BD2C4DB29E00B9A8D6 /* genwheel */ = {
			isa = PBXNativeTarget;
			buildConfigurationList = A0E839E22C4DB2A300B9A8D6 /* Build configuration list for PBXNativeTarget "genwheel" */;
			buildPhases = (
				A0E839BA2C4DB29E00B9A8D6 /* Sources */,
				A0E839BB2C4DB29E00B9A8D6 /* Frameworks */,
				A0E839BC2C4DB29E00B9A8D6 /* Resources */,
			);
			buildRules = (
			);
			dependencies = (
			);
			name = genwheel;
			productName = genwheel;
			productReference = A0E839BE2C4DB29E00B9A8D6 /* genwheel.app */;
			productType = "com.apple.product-type.application";
		};
		A0E839CD2C4DB2A300B9A8D6 /* genwheelTests */ = {
			isa = PBXNativeTarget;
			buildConfigurationList = A0E839E52C4DB2A300B9A8D6 /* Build configuration list for PBXNativeTarget "genwheelTests" */;
			buildPhases = (
				A0E839CA2C4DB2A300B9A8D6 /* Sources */,
				A0E839CB2C4DB2A300B9A8D6 /* Frameworks */,
				A0E839CC2C4DB2A300B9A8D6 /* Resources */,
			);
			buildRules = (
			);
			dependencies = (
				A0E839D02C4DB2A300B9A8D6 /* PBXTargetDependency */,
			);
			name = genwheelTests;
			productName = genwheelTests;
			productReference = A0E839CE2C4DB2A300B9A8D6 /* genwheelTests.xctest */;
			productType = "com.apple.product-type.bundle.unit-test";
		};
		A0E839D72C4DB2A300B9A8D6 /* genwheelUITests */ = {
			isa = PBXNativeTarget;
			buildConfigurationList = A0E839E82C4DB2A300B9A8D6 /* Build configuration list for PBXNativeTarget "genwheelUITests" */;
			buildPhases = (
				A0E839D42C4DB2A300B9A8D6 /* Sources */,
				A0E839D52C4DB2A300B9A8D6 /* Frameworks */,
				A0E839D62C4DB2A300B9A8D6 /* Resources */,
			);
			buildRules = (
			);
			dependencies = (
				A0E839DA2C4DB2A300B9A8D6 /* PBXTargetDependency */,
			);
			name = genwheelUITests;
			productName = genwheelUITests;
			productReference = A0E839D82C4DB2A300B9A8D6 /* genwheelUITests.xctest */;
			productType = "com.apple.product-type.bundle.ui-testing";
		};
/* End PBXNativeTarget section */

/* Begin PBXProject section */
		A0E839B62C4DB29E00B9A8D6 /* Project object */ = {
			isa = PBXProject;
			attributes = {
				BuildIndependentTargetsInParallel = 1;
				LastSwiftUpdateCheck = 1540;
				LastUpgradeCheck = 1540;
				TargetAttributes = {
					A0E839BD2C4DB29E00B9A8D6 = {
						CreatedOnToolsVersion = 15.4;
					};
					A0E839CD2C4DB2A300B9A8D6 = {
						CreatedOnToolsVersion = 15.4;
						TestTargetID = A0E839BD2C4DB29E00B9A8D6;
					};
					A0E839D72C4DB2A300B9A8D6 = {
						CreatedOnToolsVersion = 15.4;
						TestTargetID = A0E839BD2C4DB29E00B9A8D6;
					};
				};
			};
			buildConfigurationList = A0E839B92C4DB29E00B9A8D6 /* Build configuration list for PBXProject "genwheel" */;
			compatibilityVersion = "Xcode 14.0";
			developmentRegion = en;
			hasScannedForEncodings = 0;
			knownRegions = (
				en,
				Base,
			);
			mainGroup = A0E839B52C4DB29E00B9A8D6;
			productRefGroup = A0E839BF2C4DB29E00B9A8D6 /* Products */;
			projectDirPath = "";
			projectRoot = "";
			targets = (
				A0E839BD2C4DB29E00B9A8D6 /* genwheel */,
				A0E839CD2C4DB2A300B9A8D6 /* genwheelTests */,
				A0E839D72C4DB2A300B9A8D6 /* genwheelUITests */,
			);
		};
/* End PBXProject section */

/* Begin PBXResourcesBuildPhase section */
		A0E839BC2C4DB29E00B9A8D6 /* Resources */ = {
			isa = PBXResourcesBuildPhase;
			buildActionMask = 2147483647;
			files = (
				A0E839C92C4DB2A200B9A8D6 /* Preview Assets.xcassets in Resources */,
				A0E839C62C4DB2A200B9A8D6 /* Assets.xcassets in Resources */,
			);
			runOnlyForDeploymentPostprocessing = 0;
		};
		A0E839CC2C4DB2A300B9A8D6 /* Resources */ = {
			isa = PBXResourcesBuildPhase;
			buildActionMask = 2147483647;
			files = (
			);
			runOnlyForDeploymentPostprocessing = 0;
		};
		A0E839D62C4DB2A300B9A8D6 /* Resources */ = {
			isa = PBXResourcesBuildPhase;
			buildActionMask = 2147483647;
			files = (
			);
			runOnlyForDeploymentPostprocessing = 0;
		};
/* End PBXResourcesBuildPhase section */

/* Begin PBXSourcesBuildPhase section */
		A0E839BA2C4DB29E00B9A8D6 /* Sources */ = {
			isa = PBXSourcesBuildPhase;
			buildActionMask = 2147483647;
			files = (
				A0E839C42C4DB29E00B9A8D6 /* ContentView.swift in Sources */,
				A0E839C22C4DB29E00B9A8D6 /* genwheelApp.swift in Sources */,
			);
			runOnlyForDeploymentPostprocessing = 0;
		};
		A0E839CA2C4DB2A300B9A8D6 /* Sources */ = {
			isa = PBXSourcesBuildPhase;
			buildActionMask = 2147483647;
			files = (
				A0E839D32C4DB2A300B9A8D6 /* genwheelTests.swift in Sources */,
			);
			runOnlyForDeploymentPostprocessing = 0;
		};
		A0E839D42C4DB2A300B9A8D6 /* Sources */ = {
			isa = PBXSourcesBuildPhase;
			buildActionMask = 2147483647;
			files = (
				A0E839DF2C4DB2A300B9A8D6 /* genwheelUITestsLaunchTests.swift in Sources */,
				A0E839DD2C4DB2A300B9A8D6 /* genwheelUITests.swift in Sources */,
			);
			runOnlyForDeploymentPostprocessing = 0;
		};
/* End PBXSourcesBuildPhase section */

/* Begin PBXTargetDependency section */
		A0E839D02C4DB2A300B9A8D6 /* PBXTargetDependency */ = {
			isa = PBXTargetDependency;
			target = A0E839BD2C4DB29E00B9A8D6 /* genwheel */;
			targetProxy = A0E839CF2C4DB2A300B9A8D6 /* PBXContainerItemProxy */;
		};
		A0E839DA2C4DB2A300B9A8D6 /* PBXTargetDependency */ = {
			isa = PBXTargetDependency;
			target = A0E839BD2C4DB29E00B9A8D6 /* genwheel */;
			targetProxy = A0E839D92C4DB2A300B9A8D6 /* PBXContainerItemProxy */;
		};
/* End PBXTargetDependency section */

/* Begin XCBuildConfiguration section */
		A0E839E02C4DB2A300B9A8D6 /* Debug */ = {
			isa = XCBuildConfiguration;
			buildSettings = {
				ALWAYS_SEARCH_USER_PATHS = NO;
				ASSETCATALOG_COMPILER_GENERATE_SWIFT_ASSET_SYMBOL_EXTENSIONS = YES;
				CLANG_ANALYZER_NONNULL = YES;
				CLANG_ANALYZER_NUMBER_OBJECT_CONVERSION = YES_AGGRESSIVE;
				CLANG_CXX_LANGUAGE_STANDARD = "gnu++20";
				CLANG_ENABLE_MODULES = YES;
				CLANG_ENABLE_OBJC_ARC = YES;
				CLANG_ENABLE_OBJC_WEAK = YES;
				CLANG_WARN_BLOCK_CAPTURE_AUTORELEASING = YES;
				CLANG_WARN_BOOL_CONVERSION = YES;
				CLANG_WARN_COMMA = YES;
				CLANG_WARN_CONSTANT_CONVERSION = YES;
				CLANG_WARN_DEPRECATED_OBJC_IMPLEMENTATIONS = YES;
				CLANG_WARN_DIRECT_OBJC_ISA_USAGE = YES_ERROR;
				CLANG_WARN_DOCUMENTATION_COMMENTS = YES;
				CLANG_WARN_EMPTY_BODY = YES;
				CLANG_WARN_ENUM_CONVERSION = YES;
				CLANG_WARN_INFINITE_RECURSION = YES;
				CLANG_WARN_INT_CONVERSION = YES;
				CLANG_WARN_NON_LITERAL_NULL_CONVERSION = YES;
				CLANG_WARN_OBJC_IMPLICIT_RETAIN_SELF = YES;
				CLANG_WARN_OBJC_LITERAL_CONVERSION = YES;
				CLANG_WARN_OBJC_ROOT_CLASS = YES_ERROR;
				CLANG_WARN_QUOTED_INCLUDE_IN_FRAMEWORK_HEADER = YES;
				CLANG_WARN_RANGE_LOOP_ANALYSIS = YES;
				CLANG_WARN_STRICT_PROTOTYPES = YES;
				CLANG_WARN_SUSPICIOUS_MOVE = YES;
				CLANG_WARN_UNGUARDED_AVAILABILITY = YES_AGGRESSIVE;
				CLANG_WARN_UNREACHABLE_CODE = YES;
				CLANG_WARN__DUPLICATE_METHOD_MATCH = YES;
				COPY_PHASE_STRIP = NO;
				DEBUG_INFORMATION_FORMAT = dwarf;
				ENABLE_STRICT_OBJC_MSGSEND = YES;
				ENABLE_TESTABILITY = YES;
				ENABLE_USER_SCRIPT_SANDBOXING = YES;
				GCC_C_LANGUAGE_STANDARD = gnu17;
				GCC_DYNAMIC_NO_PIC = NO;
				GCC_NO_COMMON_BLOCKS = YES;
				GCC_OPTIMIZATION_LEVEL = 0;
				GCC_PREPROCESSOR_DEFINITIONS = (
					"DEBUG=1",
					"$(inherited)",
				);
				GCC_WARN_64_TO_32_BIT_CONVERSION = YES;
				GCC_WARN_ABOUT_RETURN_TYPE = YES_ERROR;
				GCC_WARN_UNDECLARED_SELECTOR = YES;
				GCC_WARN_UNINITIALIZED_AUTOS = YES_AGGRESSIVE;
				GCC_WARN_UNUSED_FUNCTION = YES;
				GCC_WARN_UNUSED_VARIABLE = YES;
				IPHONEOS_DEPLOYMENT_TARGET = 17.5;
				LOCALIZATION_PREFERS_STRING_CATALOGS = YES;
				MTL_ENABLE_DEBUG_INFO = INCLUDE_SOURCE;
				MTL_FAST_MATH = YES;
				ONLY_ACTIVE_ARCH = YES;
				SDKROOT = iphoneos;
				SWIFT_ACTIVE_COMPILATION_CONDITIONS = "DEBUG $(inherited)";
				SWIFT_OPTIMIZATION_LEVEL = "-Onone";
			};
			name = Debug;
		};
		A0E839E12C4DB2A300B9A8D6 /* Release */ = {
			isa = XCBuildConfiguration;
			buildSettings = {
				ALWAYS_SEARCH_USER_PATHS = NO;
				ASSETCATALOG_COMPILER_GENERATE_SWIFT_ASSET_SYMBOL_EXTENSIONS = YES;
				CLANG_ANALYZER_NONNULL = YES;
				CLANG_ANALYZER_NUMBER_OBJECT_CONVERSION = YES_AGGRESSIVE;
				CLANG_CXX_LANGUAGE_STANDARD = "gnu++20";
				CLANG_ENABLE_MODULES = YES;
				CLANG_ENABLE_OBJC_ARC = YES;
				CLANG_ENABLE_OBJC_WEAK = YES;
				CLANG_WARN_BLOCK_CAPTURE_AUTORELEASING = YES;
				CLANG_WARN_BOOL_CONVERSION = YES;
				CLANG_WARN_COMMA = YES;
				CLANG_WARN_CONSTANT_CONVERSION = YES;
				CLANG_WARN_DEPRECATED_OBJC_IMPLEMENTATIONS = YES;
				CLANG_WARN_DIRECT_OBJC_ISA_USAGE = YES_ERROR;
				CLANG_WARN_DOCUMENTATION_COMMENTS = YES;
				CLANG_WARN_EMPTY_BODY = YES;
				CLANG_WARN_ENUM_CONVERSION = YES;
				CLANG_WARN_INFINITE_RECURSION = YES;
				CLANG_WARN_INT_CONVERSION = YES;
				CLANG_WARN_NON_LITERAL_NULL_CONVERSION = YES;
				CLANG_WARN_OBJC_IMPLICIT_RETAIN_SELF = YES;
				CLANG_WARN_OBJC_LITERAL_CONVERSION = YES;
				CLANG_WARN_OBJC_ROOT_CLASS = YES_ERROR;
				CLANG_WARN_QUOTED_INCLUDE_IN_FRAMEWORK_HEADER = YES;
				CLANG_WARN_RANGE_LOOP_ANALYSIS = YES;
				CLANG_WARN_STRICT_PROTOTYPES = YES;
				CLANG_WARN_SUSPICIOUS_MOVE = YES;
				CLANG_WARN_UNGUARDED_AVAILABILITY = YES_AGGRESSIVE;
				CLANG_WARN_UNREACHABLE_CODE = YES;
				CLANG_WARN__DUPLICATE_METHOD_MATCH = YES;
				COPY_PHASE_STRIP = NO;
				DEBUG_INFORMATION_FORMAT = "dwarf-with-dsym";
				ENABLE_NS_ASSERTIONS = NO;
				ENABLE_STRICT_OBJC_MSGSEND = YES;
				ENABLE_USER_SCRIPT_SANDBOXING = YES;
				GCC_C_LANGUAGE_STANDARD = gnu17;
				GCC_NO_COMMON_BLOCKS = YES;
				GCC_WARN_64_TO_32_BIT_CONVERSION = YES;
				GCC_WARN_ABOUT_RETURN_TYPE = YES_ERROR;
				GCC_WARN_UNDECLARED_SELECTOR = YES;
				GCC_WARN_UNINITIALIZED_AUTOS = YES_AGGRESSIVE;
				GCC_WARN_UNUSED_FUNCTION = YES;
				GCC_WARN_UNUSED_VARIABLE = YES;
				IPHONEOS_DEPLOYMENT_TARGET = 17.5;
				LOCALIZATION_PREFERS_STRING_CATALOGS = YES;
				MTL_ENABLE_DEBUG_INFO = NO;
				MTL_FAST_MATH = YES;
				SDKROOT = iphoneos;
				SWIFT_COMPILATION_MODE = wholemodule;
				VALIDATE_PRODUCT = YES;
			};
			name = Release;
		};
		A0E839E32C4DB2A300B9A8D6 /* Debug */ = {
			isa = XCBuildConfiguration;
			buildSettings = {
				ASSETCATALOG_COMPILER_APPICON_NAME = AppIcon;
				ASSETCATALOG_COMPILER_GLOBAL_ACCENT_COLOR_NAME = AccentColor;
				CODE_SIGN_STYLE = Automatic;
				CURRENT_PROJECT_VERSION = 1;
				DEVELOPMENT_ASSET_PATHS = "\"genwheel/Preview Content\"";
				DEVELOPMENT_TEAM = GJ9T73Y6DY;
				ENABLE_PREVIEWS = YES;
				GENERATE_INFOPLIST_FILE = YES;
				INFOPLIST_KEY_UIApplicationSceneManifest_Generation = YES;
				INFOPLIST_KEY_UIApplicationSupportsIndirectInputEvents = YES;
				INFOPLIST_KEY_UILaunchScreen_Generation = YES;
				INFOPLIST_KEY_UISupportedInterfaceOrientations_iPad = "UIInterfaceOrientationPortrait UIInterfaceOrientationPortraitUpsideDown UIInterfaceOrientationLandscapeLeft UIInterfaceOrientationLandscapeRight";
				INFOPLIST_KEY_UISupportedInterfaceOrientations_iPhone = "UIInterfaceOrientationPortrait UIInterfaceOrientationLandscapeLeft UIInterfaceOrientationLandscapeRight";
				LD_RUNPATH_SEARCH_PATHS = (
					"$(inherited)",
					"@executable_path/Frameworks",
				);
				MARKETING_VERSION = 1.0;
				PRODUCT_BUNDLE_IDENTIFIER = "com.example.apple-samplecode.genwheel";
				PRODUCT_NAME = "$(TARGET_NAME)";
				SWIFT_EMIT_LOC_STRINGS = YES;
				SWIFT_VERSION = 5.0;
				TARGETED_DEVICE_FAMILY = "1,2";
			};
			name = Debug;
		};
		A0E839E42C4DB2A300B9A8D6 /* Release */ = {
			isa = XCBuildConfiguration;
			buildSettings = {
				ASSETCATALOG_COMPILER_APPICON_NAME = AppIcon;
				ASSETCATALOG_COMPILER_GLOBAL_ACCENT_COLOR_NAME = AccentColor;
				CODE_SIGN_STYLE = Automatic;
				CURRENT_PROJECT_VERSION = 1;
				DEVELOPMENT_ASSET_PATHS = "\"genwheel/Preview Content\"";
				DEVELOPMENT_TEAM = GJ9T73Y6DY;
				ENABLE_PREVIEWS = YES;
				GENERATE_INFOPLIST_FILE = YES;
				INFOPLIST_KEY_UIApplicationSceneManifest_Generation = YES;
				INFOPLIST_KEY_UIApplicationSupportsIndirectInputEvents = YES;
				INFOPLIST_KEY_UILaunchScreen_Generation = YES;
				INFOPLIST_KEY_UISupportedInterfaceOrientations_iPad = "UIInterfaceOrientationPortrait UIInterfaceOrientationPortraitUpsideDown UIInterfaceOrientationLandscapeLeft UIInterfaceOrientationLandscapeRight";
				INFOPLIST_KEY_UISupportedInterfaceOrientations_iPhone = "UIInterfaceOrientationPortrait UIInterfaceOrientationLandscapeLeft UIInterfaceOrientationLandscapeRight";
				LD_RUNPATH_SEARCH_PATHS = (
					"$(inherited)",
					"@executable_path/Frameworks",
				);
				MARKETING_VERSION = 1.0;
				PRODUCT_BUNDLE_IDENTIFIER = "com.example.apple-samplecode.genwheel";
				PRODUCT_NAME = "$(TARGET_NAME)";
				SWIFT_EMIT_LOC_STRINGS = YES;
				SWIFT_VERSION = 5.0;
				TARGETED_DEVICE_FAMILY = "1,2";
			};
			name = Release;
		};
		A0E839E62C4DB2A300B9A8D6 /* Debug */ = {
			isa = XCBuildConfiguration;
			buildSettings = {
				ALWAYS_EMBED_SWIFT_STANDARD_LIBRARIES = YES;
				BUNDLE_LOADER = "$(TEST_HOST)";
				CODE_SIGN_STYLE = Automatic;
				CURRENT_PROJECT_VERSION = 1;
				DEVELOPMENT_TEAM = GJ9T73Y6DY;
				GENERATE_INFOPLIST_FILE = YES;
				IPHONEOS_DEPLOYMENT_TARGET = 17.5;
				MARKETING_VERSION = 1.0;
				PRODUCT_BUNDLE_IDENTIFIER = "com.example.apple-samplecode.genwheelTests";
				PRODUCT_NAME = "$(TARGET_NAME)";
				SWIFT_EMIT_LOC_STRINGS = NO;
				SWIFT_VERSION = 5.0;
				TARGETED_DEVICE_FAMILY = "1,2";
				TEST_HOST = "$(BUILT_PRODUCTS_DIR)/genwheel.app/$(BUNDLE_EXECUTABLE_FOLDER_PATH)/genwheel";
			};
			name = Debug;
		};
		A0E839E72C4DB2A300B9A8D6 /* Release */ = {
			isa = XCBuildConfiguration;
			buildSettings = {
				ALWAYS_EMBED_SWIFT_STANDARD_LIBRARIES = YES;
				BUNDLE_LOADER = "$(TEST_HOST)";
				CODE_SIGN_STYLE = Automatic;
				CURRENT_PROJECT_VERSION = 1;
				DEVELOPMENT_TEAM = GJ9T73Y6DY;
				GENERATE_INFOPLIST_FILE = YES;
				IPHONEOS_DEPLOYMENT_TARGET = 17.5;
				MARKETING_VERSION = 1.0;
				PRODUCT_BUNDLE_IDENTIFIER = "com.example.apple-samplecode.genwheelTests";
				PRODUCT_NAME = "$(TARGET_NAME)";
				SWIFT_EMIT_LOC_STRINGS = NO;
				SWIFT_VERSION = 5.0;
				TARGETED_DEVICE_FAMILY = "1,2";
				TEST_HOST = "$(BUILT_PRODUCTS_DIR)/genwheel.app/$(BUNDLE_EXECUTABLE_FOLDER_PATH)/genwheel";
			};
			name = Release;
		};
		A0E839E92C4DB2A300B9A8D6 /* Debug */ = {
			isa = XCBuildConfiguration;
			buildSettings = {
				ALWAYS_EMBED_SWIFT_STANDARD_LIBRARIES = YES;
				CODE_SIGN_STYLE = Automatic;
				CURRENT_PROJECT_VERSION = 1;
				DEVELOPMENT_TEAM = GJ9T73Y6DY;
				GENERATE_INFOPLIST_FILE = YES;
				MARKETING_VERSION = 1.0;
				PRODUCT_BUNDLE_IDENTIFIER = "com.example.apple-samplecode.genwheelUITests";
				PRODUCT_NAME = "$(TARGET_NAME)";
				SWIFT_EMIT_LOC_STRINGS = NO;
				SWIFT_VERSION = 5.0;
				TARGETED_DEVICE_FAMILY = "1,2";
				TEST_TARGET_NAME = genwheel;
			};
			name = Debug;
		};
		A0E839EA2C4DB2A300B9A8D6 /* Release */ = {
			isa = XCBuildConfiguration;
			buildSettings = {
				ALWAYS_EMBED_SWIFT_STANDARD_LIBRARIES = YES;
				CODE_SIGN_STYLE = Automatic;
				CURRENT_PROJECT_VERSION = 1;
				DEVELOPMENT_TEAM = GJ9T73Y6DY;
				GENERATE_INFOPLIST_FILE = YES;
				MARKETING_VERSION = 1.0;
				PRODUCT_BUNDLE_IDENTIFIER = "com.example.apple-samplecode.genwheelUITests";
				PRODUCT_NAME = "$(TARGET_NAME)";
				SWIFT_EMIT_LOC_STRINGS = NO;
				SWIFT_VERSION = 5.0;
				TARGETED_DEVICE_FAMILY = "1,2";
				TEST_TARGET_NAME = genwheel;
			};
			name = Release;
		};
/* End XCBuildConfiguration section */

/* Begin XCConfigurationList section */
		A0E839B92C4DB29E00B9A8D6 /* Build configuration list for PBXProject "genwheel" */ = {
			isa = XCConfigurationList;
			buildConfigurations = (
				A0E839E02C4DB2A300B9A8D6 /* Debug */,
				A0E839E12C4DB2A300B9A8D6 /* Release */,
			);
			defaultConfigurationIsVisible = 0;
			defaultConfigurationName = Release;
		};
		A0E839E22C4DB2A300B9A8D6 /* Build configuration list for PBXNativeTarget "genwheel" */ = {
			isa = XCConfigurationList;
			buildConfigurations = (
				A0E839E32C4DB2A300B9A8D6 /* Debug */,
				A0E839E42C4DB2A300B9A8D6 /* Release */,
			);
			defaultConfigurationIsVisible = 0;
			defaultConfigurationName = Release;
		};
		A0E839E52C4DB2A300B9A8D6 /* Build configuration list for PBXNativeTarget "genwheelTests" */ = {
			isa = XCConfigurationList;
			buildConfigurations = (
				A0E839E62C4DB2A300B9A8D6 /* Debug */,
				A0E839E72C4DB2A300B9A8D6 /* Release */,
			);
			defaultConfigurationIsVisible = 0;
			defaultConfigurationName = Release;
		};
		A0E839E82C4DB2A300B9A8D6 /* Build configuration list for PBXNativeTarget "genwheelUITests" */ = {
			isa = XCConfigurationList;
			buildConfigurations = (
				A0E839E92C4DB2A300B9A8D6 /* Debug */,
				A0E839EA2C4DB2A300B9A8D6 /* Release */,
			);
			defaultConfigurationIsVisible = 0;
			defaultConfigurationName = Release;
		};
/* End XCConfigurationList section */
	};
	rootObject = A0E839B62C4DB29E00B9A8D6 /* Project object */;
}
